<?xml version="1.0" encoding="utf-8"?>
<Project ToolsVersion="4.0" xmlns="http://schemas.microsoft.com/developer/msbuild/2003">
  <ItemGroup>
    <Filter Include="File di origine">
      <UniqueIdentifier>{4FC737F1-C7A5-4376-A066-2A32D752A2FF}</UniqueIdentifier>
      <Extensions>cpp;c;cc;cxx;c++;cppm;ixx;def;odl;idl;hpj;bat;asm;asmx</Extensions>
    </Filter>
    <Filter Include="File di intestazione">
      <UniqueIdentifier>{93995380-89BD-4b04-88EB-625FBE52EBFB}</UniqueIdentifier>
      <Extensions>h;hh;hpp;hxx;h++;hm;inl;inc;ipp;xsd</Extensions>
    </Filter>
    <Filter Include="File di risorse">
      <UniqueIdentifier>{67DA6AB6-F800-4c08-8B7A-83BB121AAD01}</UniqueIdentifier>
      <Extensions>rc;ico;cur;bmp;dlg;rc2;rct;bin;rgs;gif;jpg;jpeg;jpe;resx;tiff;tif;png;wav;mfcribbon-ms</Extensions>
    </Filter>
  </ItemGroup>
  <ItemGroup>
    <ClCompile Include="Source\Main.cpp">
      <Filter>File di origine</Filter>
    </ClCompile>
    <ClCompile Include="Source\Core\Application.cpp">
      <Filter>File di origine</Filter>
    </ClCompile>
    <ClCompile Include="Source\Utils\FileManager.cpp">
      <Filter>File di origine</Filter>
    </ClCompile>
    <ClCompile Include="Source\Core\Window.cpp">
      <Filter>File di origine</Filter>
    </ClCompile>
    <ClCompile Include="Source\GameFramework\Actor.cpp">
      <Filter>File di origine</Filter>
    </ClCompile>
    <ClCompile Include="Source\Math\Vec2.cpp">
      <Filter>File di origine</Filter>
    </ClCompile>
    <ClCompile Include="Source\Graphics\Shader.cpp">
      <Filter>File di origine</Filter>
    </ClCompile>
    <ClCompile Include="Source\Graphics\Texture.cpp">
      <Filter>File di origine</Filter>
    </ClCompile>
    <ClCompile Include="Source\Graphics\Renderer.cpp">
      <Filter>File di origine</Filter>
    </ClCompile>
    <ClCompile Include="Libs\STB\StbImage.cpp">
      <Filter>File di origine</Filter>
    </ClCompile>
    <ClCompile Include="Source\Graphics\VertexBuffer.cpp">
      <Filter>File di origine</Filter>
    </ClCompile>
    <ClCompile Include="Source\Graphics\Mesh.cpp">
      <Filter>File di origine</Filter>
    </ClCompile>
    <ClCompile Include="Source\Sandbox\PacketTracerSimulator.cpp">
      <Filter>File di origine</Filter>
    </ClCompile>
    <ClCompile Include="Source\Sandbox\Computer.cpp">
      <Filter>File di origine</Filter>
    </ClCompile>
    <ClCompile Include="Source\Sandbox\Switch.cpp">
      <Filter>File di origine</Filter>
    </ClCompile>
    <ClCompile Include="Source\Input\InputManager.cpp">
      <Filter>File di origine</Filter>
    </ClCompile>
    <ClCompile Include="Source\Sandbox\Packet.cpp">
      <Filter>File di origine</Filter>
    </ClCompile>
    <ClCompile Include="Source\Utils\TextParser.cpp">
      <Filter>File di origine</Filter>
    </ClCompile>
    <ClCompile Include="Source\Math\Math.cpp">
      <Filter>File di origine</Filter>
    </ClCompile>
    <ClCompile Include="Libs\ImGui\imgui.cpp">
      <Filter>File di origine</Filter>
    </ClCompile>
    <ClCompile Include="Libs\ImGui\imgui_draw.cpp">
      <Filter>File di origine</Filter>
    </ClCompile>
    <ClCompile Include="Libs\ImGui\imgui_impl_glfw.cpp">
      <Filter>File di origine</Filter>
    </ClCompile>
    <ClCompile Include="Libs\ImGui\imgui_impl_opengl3.cpp">
      <Filter>File di origine</Filter>
    </ClCompile>
    <ClCompile Include="Libs\ImGui\imgui_tables.cpp">
      <Filter>File di origine</Filter>
    </ClCompile>
    <ClCompile Include="Libs\ImGui\imgui_widgets.cpp">
      <Filter>File di origine</Filter>
    </ClCompile>
    <ClCompile Include="Source\Sandbox\Cable.cpp">
      <Filter>File di origine</Filter>
    </ClCompile>
    <ClCompile Include="Source\Graphics\LineMesh.cpp">
      <Filter>File di origine</Filter>
    </ClCompile>
    <ClCompile Include="Source\Sandbox\Light.cpp">
      <Filter>File di origine</Filter>
    </ClCompile>
    <ClCompile Include="Source\Graphics\MeshHelpers.cpp">
      <Filter>File di origine</Filter>
    </ClCompile>
  </ItemGroup>
  <ItemGroup>
    <ClInclude Include="Libs\GL\eglew.h">
      <Filter>File di intestazione</Filter>
    </ClInclude>
    <ClInclude Include="Libs\GL\glew.h">
      <Filter>File di intestazione</Filter>
    </ClInclude>
    <ClInclude Include="Libs\GL\glxew.h">
      <Filter>File di intestazione</Filter>
    </ClInclude>
    <ClInclude Include="Libs\GL\wglew.h">
      <Filter>File di intestazione</Filter>
    </ClInclude>
    <ClInclude Include="Libs\GLFW\glfw3.h">
      <Filter>File di intestazione</Filter>
    </ClInclude>
    <ClInclude Include="Libs\GLFW\glfw3native.h">
      <Filter>File di intestazione</Filter>
    </ClInclude>
    <ClInclude Include="Source\Core\Application.h">
      <Filter>File di intestazione</Filter>
    </ClInclude>
    <ClInclude Include="Source\Utils\FileManager.h">
      <Filter>File di intestazione</Filter>
    </ClInclude>
    <ClInclude Include="Source\Utils\List.h">
      <Filter>File di intestazione</Filter>
    </ClInclude>
    <ClInclude Include="Source\Core\Window.h">
      <Filter>File di intestazione</Filter>
    </ClInclude>
    <ClInclude Include="Source\Core\Base.h">
      <Filter>File di intestazione</Filter>
    </ClInclude>
    <ClInclude Include="Source\GameFramework\Actor.h">
      <Filter>File di intestazione</Filter>
    </ClInclude>
    <ClInclude Include="Source\Math\Vec2.h">
      <Filter>File di intestazione</Filter>
    </ClInclude>
    <ClInclude Include="Source\Graphics\Shader.h">
      <Filter>File di intestazione</Filter>
    </ClInclude>
    <ClInclude Include="Source\Graphics\Texture.h">
      <Filter>File di intestazione</Filter>
    </ClInclude>
    <ClInclude Include="Source\Graphics\Renderer.h">
      <Filter>File di intestazione</Filter>
    </ClInclude>
    <ClInclude Include="Libs\STB\StbImage.h">
      <Filter>File di intestazione</Filter>
    </ClInclude>
    <ClInclude Include="Source\Graphics\VertexBuffer.h">
      <Filter>File di intestazione</Filter>
    </ClInclude>
    <ClInclude Include="Source\Graphics\Mesh.h">
      <Filter>File di intestazione</Filter>
    </ClInclude>
    <ClInclude Include="Source\Sandbox\PacketTracerSimulator.h">
      <Filter>File di intestazione</Filter>
    </ClInclude>
    <ClInclude Include="Source\Sandbox\Computer.h">
      <Filter>File di intestazione</Filter>
    </ClInclude>
    <ClInclude Include="Source\Sandbox\Switch.h">
      <Filter>File di intestazione</Filter>
    </ClInclude>
    <ClInclude Include="Source\Input\InputManager.h">
      <Filter>File di intestazione</Filter>
    </ClInclude>
    <ClInclude Include="Source\Math\Math.h">
      <Filter>File di intestazione</Filter>
    </ClInclude>
    <ClInclude Include="Source\Sandbox\Packet.h">
      <Filter>File di intestazione</Filter>
    </ClInclude>
    <ClInclude Include="Source\Utils\Random.h">
      <Filter>File di intestazione</Filter>
    </ClInclude>
    <ClInclude Include="Libs\RapidXML\rapidxml.hpp">
      <Filter>File di intestazione</Filter>
    </ClInclude>
    <ClInclude Include="Libs\RapidXML\rapidxml_iterators.hpp">
      <Filter>File di intestazione</Filter>
    </ClInclude>
    <ClInclude Include="Libs\RapidXML\rapidxml_print.hpp">
      <Filter>File di intestazione</Filter>
    </ClInclude>
    <ClInclude Include="Libs\RapidXML\rapidxml_utils.hpp">
      <Filter>File di intestazione</Filter>
    </ClInclude>
    <ClInclude Include="Source\Utils\TextParser.h">
      <Filter>File di intestazione</Filter>
    </ClInclude>
    <ClInclude Include="Source\Sandbox\Interactable.h">
      <Filter>File di intestazione</Filter>
    </ClInclude>
    <ClInclude Include="Source\Utils\Delegate.h">
      <Filter>File di intestazione</Filter>
    </ClInclude>
    <ClInclude Include="Libs\ImGui\imgui.h">
      <Filter>File di intestazione</Filter>
    </ClInclude>
    <ClInclude Include="Libs\ImGui\imgui_impl_glfw.h">
      <Filter>File di intestazione</Filter>
    </ClInclude>
    <ClInclude Include="Libs\ImGui\imgui_impl_opengl3.h">
      <Filter>File di intestazione</Filter>
    </ClInclude>
    <ClInclude Include="Libs\ImGui\imgui_internal.h">
      <Filter>File di intestazione</Filter>
    </ClInclude>
    <ClInclude Include="Libs\ImGui\imstb_rectpack.h">
      <Filter>File di intestazione</Filter>
    </ClInclude>
    <ClInclude Include="Libs\ImGui\imstb_textedit.h">
      <Filter>File di intestazione</Filter>
    </ClInclude>
    <ClInclude Include="Libs\ImGui\imstb_truetype.h">
      <Filter>File di intestazione</Filter>
    </ClInclude>
    <ClInclude Include="Libs\ImGui\imconfig.h">
      <Filter>File di intestazione</Filter>
    </ClInclude>
    <ClInclude Include="Source\Sandbox\Cable.h">
      <Filter>File di intestazione</Filter>
    </ClInclude>
    <ClInclude Include="Source\Graphics\LineMesh.h">
      <Filter>File di intestazione</Filter>
    </ClInclude>
    <ClInclude Include="Source\Sandbox\Light.h">
      <Filter>File di intestazione</Filter>
    </ClInclude>
    <ClInclude Include="Source\Graphics\MeshHelpers.h">
      <Filter>File di intestazione</Filter>
    </ClInclude>
  </ItemGroup>
  <ItemGroup>
    <Library Include="Libs\glew32s.lib" />
    <Library Include="Libs\glfw3.lib" />
  </ItemGroup>
  <ItemGroup>
    <Text Include="Assets\LineVertex.shader.txt" />
    <Text Include="Assets\CableFragment.shader.txt" />
    <Text Include="Assets\TexturedFragment.shader.txt" />
    <Text Include="Assets\TexturedVertex.shader.txt" />
    <Text Include="Assets\LightFragment.shader.txt" />
    <Text Include="Assets\Vertex.shader.txt" />
  </ItemGroup>
  <ItemGroup>
    <Image Include="Assets\CiscoBluePacket.texture.PNG">
      <Filter>File di risorse</Filter>
    </Image>
    <Image Include="Assets\CiscoComputer.texture.PNG">
      <Filter>File di risorse</Filter>
    </Image>
    <Image Include="Assets\CiscoGreenPacket.texture.PNG">
      <Filter>File di risorse</Filter>
    </Image>
    <Image Include="Assets\CiscoPinkPacket.texture.PNG">
      <Filter>File di risorse</Filter>
    </Image>
    <Image Include="Assets\CiscoSwitch.texture.PNG">
      <Filter>File di risorse</Filter>
    </Image>
  </ItemGroup>
  <ItemGroup>
    <Xml Include="Assets\Config.xml" />
  </ItemGroup>
</Project>